
Microsoft Visual Studio Solution File, Format Version 12.00
# Visual Studio Version 17
VisualStudioVersion = 17.5.002.0
MinimumVisualStudioVersion = 10.0.40219.1
Project("{9A19103F-16F7-4668-BE54-9A1E7A4F7556}") = "Backend", "Backend.csproj", "{E344F097-FB9E-49B7-8AE0-DC6DC2F4765C}"
EndProject
Global
	GlobalSection(SolutionConfigurationPlatforms) = preSolution
		Debug|Any CPU = Debug|Any CPU
		Release|Any CPU = Release|Any CPU
	EndGlobalSection
	GlobalSection(ProjectConfigurationPlatforms) = postSolution
		{E344F097-FB9E-49B7-8AE0-DC6DC2F4765C}.Debug|Any CPU.ActiveCfg = Debug|Any CPU
		{E344F097-FB9E-49B7-8AE0-DC6DC2F4765C}.Debug|Any CPU.Build.0 = Debug|Any CPU
		{E344F097-FB9E-49B7-8AE0-DC6DC2F4765C}.Release|Any CPU.ActiveCfg = Release|Any CPU
		{E344F097-FB9E-49B7-8AE0-DC6DC2F4765C}.Release|Any CPU.Build.0 = Release|Any CPU
	EndGlobalSection
	GlobalSection(SolutionProperties) = preSolution
		HideSolutionNode = FALSE
	EndGlobalSection
	GlobalSection(ExtensibilityGlobals) = postSolution
		SolutionGuid = {A36D3359-197F-47DC-B0FE-B0243A6AEE31}
	EndGlobalSection
EndGlobal
